// !$*UTF8*$!
{
	archiveVersion = 1;
	classes = {
	};
	objectVersion = 48;
	objects = {

/* Begin PBXBuildFile section */
		2EC44EE6200EE6A100FCED7E /* AppDelegate.m in Sources */ = {isa = PBXBuildFile; fileRef = 2EC44EE5200EE6A100FCED7E /* AppDelegate.m */; };
		2EC44EE9200EE6A100FCED7E /* ViewController.m in Sources */ = {isa = PBXBuildFile; fileRef = 2EC44EE8200EE6A100FCED7E /* ViewController.m */; };
		2EC44EEC200EE6A100FCED7E /* Main.storyboard in Resources */ = {isa = PBXBuildFile; fileRef = 2EC44EEA200EE6A100FCED7E /* Main.storyboard */; };
		2EC44EEE200EE6A100FCED7E /* Assets.xcassets in Resources */ = {isa = PBXBuildFile; fileRef = 2EC44EED200EE6A100FCED7E /* Assets.xcassets */; };
		2EC44EF1200EE6A100FCED7E /* LaunchScreen.storyboard in Resources */ = {isa = PBXBuildFile; fileRef = 2EC44EEF200EE6A100FCED7E /* LaunchScreen.storyboard */; };
		2EC44EF4200EE6A200FCED7E /* main.m in Sources */ = {isa = PBXBuildFile; fileRef = 2EC44EF3200EE6A200FCED7E /* main.m */; };
		2EC44EFE200EE6A200FCED7E /* PresentModalTests.m in Sources */ = {isa = PBXBuildFile; fileRef = 2EC44EFD200EE6A200FCED7E /* PresentModalTests.m */; };
		2EC44F09200EE6A200FCED7E /* PresentModalUITests.m in Sources */ = {isa = PBXBuildFile; fileRef = 2EC44F08200EE6A200FCED7E /* PresentModalUITests.m */; };
/* End PBXBuildFile section */

/* Begin PBXContainerItemProxy section */
		2EC44EFA200EE6A200FCED7E /* PBXContainerItemProxy */ = {
			isa = PBXContainerItemProxy;
			containerPortal = 2EC44ED9200EE6A100FCED7E /* Project object */;
			proxyType = 1;
			remoteGlobalIDString = 2EC44EE0200EE6A100FCED7E;
			remoteInfo = PresentModal;
		};
		2EC44F05200EE6A200FCED7E /* PBXContainerItemProxy */ = {
			isa = PBXContainerItemProxy;
			containerPortal = 2EC44ED9200EE6A100FCED7E /* Project object */;
			proxyType = 1;
			remoteGlobalIDString = 2EC44EE0200EE6A100FCED7E;
			remoteInfo = PresentModal;
		};
/* End PBXContainerItemProxy section */

/* Begin PBXFileReference section */
		2EC44EE1200EE6A100FCED7E /* PresentModal.app */ = {isa = PBXFileReference; explicitFileType = wrapper.application; includeInIndex = 0; path = PresentModal.app; sourceTree = BUILT_PRODUCTS_DIR; };
		2EC44EE4200EE6A100FCED7E /* AppDelegate.h */ = {isa = PBXFileReference; lastKnownFileType = sourcecode.c.h; path = AppDelegate.h; sourceTree = "<group>"; };
		2EC44EE5200EE6A100FCED7E /* AppDelegate.m */ = {isa = PBXFileReference; lastKnownFileType = sourcecode.c.objc; path = AppDelegate.m; sourceTree = "<group>"; };
		2EC44EE7200EE6A100FCED7E /* ViewController.h */ = {isa = PBXFileReference; lastKnownFileType = sourcecode.c.h; path = ViewController.h; sourceTree = "<group>"; };
		2EC44EE8200EE6A100FCED7E /* ViewController.m */ = {isa = PBXFileReference; lastKnownFileType = sourcecode.c.objc; path = ViewController.m; sourceTree = "<group>"; };
		2EC44EEB200EE6A100FCED7E /* Base */ = {isa = PBXFileReference; lastKnownFileType = file.storyboard; name = Base; path = Base.lproj/Main.storyboard; sourceTree = "<group>"; };
		2EC44EED200EE6A100FCED7E /* Assets.xcassets */ = {isa = PBXFileReference; lastKnownFileType = folder.assetcatalog; path = Assets.xcassets; sourceTree = "<group>"; };
		2EC44EF0200EE6A100FCED7E /* Base */ = {isa = PBXFileReference; lastKnownFileType = file.storyboard; name = Base; path = Base.lproj/LaunchScreen.storyboard; sourceTree = "<group>"; };
		2EC44EF2200EE6A100FCED7E /* Info.plist */ = {isa = PBXFileReference; lastKnownFileType = text.plist.xml; path = Info.plist; sourceTree = "<group>"; };
		2EC44EF3200EE6A200FCED7E /* main.m */ = {isa = PBXFileReference; lastKnownFileType = sourcecode.c.objc; path = main.m; sourceTree = "<group>"; };
		2EC44EF9200EE6A200FCED7E /* PresentModalTests.xctest */ = {isa = PBXFileReference; explicitFileType = wrapper.cfbundle; includeInIndex = 0; path = PresentModalTests.xctest; sourceTree = BUILT_PRODUCTS_DIR; };
		2EC44EFD200EE6A200FCED7E /* PresentModalTests.m */ = {isa = PBXFileReference; lastKnownFileType = sourcecode.c.objc; path = PresentModalTests.m; sourceTree = "<group>"; };
		2EC44EFF200EE6A200FCED7E /* Info.plist */ = {isa = PBXFileReference; lastKnownFileType = text.plist.xml; path = Info.plist; sourceTree = "<group>"; };
		2EC44F04200EE6A200FCED7E /* PresentModalUITests.xctest */ = {isa = PBXFileReference; explicitFileType = wrapper.cfbundle; includeInIndex = 0; path = PresentModalUITests.xctest; sourceTree = BUILT_PRODUCTS_DIR; };
		2EC44F08200EE6A200FCED7E /* PresentModalUITests.m */ = {isa = PBXFileReference; lastKnownFileType = sourcecode.c.objc; path = PresentModalUITests.m; sourceTree = "<group>"; };
		2EC44F0A200EE6A200FCED7E /* Info.plist */ = {isa = PBXFileReference; lastKnownFileType = text.plist.xml; path = Info.plist; sourceTree = "<group>"; };
/* End PBXFileReference section */

/* Begin PBXFrameworksBuildPhase section */
		2EC44EDE200EE6A100FCED7E /* Frameworks */ = {
			isa = PBXFrameworksBuildPhase;
			buildActionMask = 2147483647;
			files = (
			);
			runOnlyForDeploymentPostprocessing = 0;
		};
		2EC44EF6200EE6A200FCED7E /* Frameworks */ = {
			isa = PBXFrameworksBuildPhase;
			buildActionMask = 2147483647;
			files = (
			);
			runOnlyForDeploymentPostprocessing = 0;
		};
		2EC44F01200EE6A200FCED7E /* Frameworks */ = {
			isa = PBXFrameworksBuildPhase;
			buildActionMask = 2147483647;
			files = (
			);
			runOnlyForDeploymentPostprocessing = 0;
		};
/* End PBXFrameworksBuildPhase section */

/* Begin PBXGroup section */
		2EC44ED8200EE6A100FCED7E = {
			isa = PBXGroup;
			children = (
				2EC44EE3200EE6A100FCED7E /* PresentModal */,
				2EC44EFC200EE6A200FCED7E /* PresentModalTests */,
				2EC44F07200EE6A200FCED7E /* PresentModalUITests */,
				2EC44EE2200EE6A100FCED7E /* Products */,
			);
			sourceTree = "<group>";
		};
		2EC44EE2200EE6A100FCED7E /* Products */ = {
			isa = PBXGroup;
			children = (
				2EC44EE1200EE6A100FCED7E /* PresentModal.app */,
				2EC44EF9200EE6A200FCED7E /* PresentModalTests.xctest */,
				2EC44F04200EE6A200FCED7E /* PresentModalUITests.xctest */,
			);
			name = Products;
			sourceTree = "<group>";
		};
		2EC44EE3200EE6A100FCED7E /* PresentModal */ = {
			isa = PBXGroup;
			children = (
				2EC44EE4200EE6A100FCED7E /* AppDelegate.h */,
				2EC44EE5200EE6A100FCED7E /* AppDelegate.m */,
				2EC44EE7200EE6A100FCED7E /* ViewController.h */,
				2EC44EE8200EE6A100FCED7E /* ViewController.m */,
				2EC44EEA200EE6A100FCED7E /* Main.storyboard */,
				2EC44EED200EE6A100FCED7E /* Assets.xcassets */,
				2EC44EEF200EE6A100FCED7E /* LaunchScreen.storyboard */,
				2EC44EF2200EE6A100FCED7E /* Info.plist */,
				2EC44EF3200EE6A200FCED7E /* main.m */,
			);
			path = PresentModal;
			sourceTree = "<group>";
		};
		2EC44EFC200EE6A200FCED7E /* PresentModalTests */ = {
			isa = PBXGroup;
			children = (
				2EC44EFD200EE6A200FCED7E /* PresentModalTests.m */,
				2EC44EFF200EE6A200FCED7E /* Info.plist */,
			);
			path = PresentModalTests;
			sourceTree = "<group>";
		};
		2EC44F07200EE6A200FCED7E /* PresentModalUITests */ = {
			isa = PBXGroup;
			children = (
				2EC44F08200EE6A200FCED7E /* PresentModalUITests.m */,
				2EC44F0A200EE6A200FCED7E /* Info.plist */,
			);
			path = PresentModalUITests;
			sourceTree = "<group>";
		};
/* End PBXGroup section */

/* Begin PBXNativeTarget section */
		2EC44EE0200EE6A100FCED7E /* PresentModal */ = {
			isa = PBXNativeTarget;
			buildConfigurationList = 2EC44F0D200EE6A200FCED7E /* Build configuration list for PBXNativeTarget "PresentModal" */;
			buildPhases = (
				2EC44EDD200EE6A100FCED7E /* Sources */,
				2EC44EDE200EE6A100FCED7E /* Frameworks */,
				2EC44EDF200EE6A100FCED7E /* Resources */,
			);
			buildRules = (
			);
			dependencies = (
			);
			name = PresentModal;
			productName = PresentModal;
			productReference = 2EC44EE1200EE6A100FCED7E /* PresentModal.app */;
			productType = "com.apple.product-type.application";
		};
		2EC44EF8200EE6A200FCED7E /* PresentModalTests */ = {
			isa = PBXNativeTarget;
			buildConfigurationList = 2EC44F10200EE6A200FCED7E /* Build configuration list for PBXNativeTarget "PresentModalTests" */;
			buildPhases = (
				2EC44EF5200EE6A200FCED7E /* Sources */,
				2EC44EF6200EE6A200FCED7E /* Frameworks */,
				2EC44EF7200EE6A200FCED7E /* Resources */,
			);
			buildRules = (
			);
			dependencies = (
				2EC44EFB200EE6A200FCED7E /* PBXTargetDependency */,
			);
			name = PresentModalTests;
			productName = PresentModalTests;
			productReference = 2EC44EF9200EE6A200FCED7E /* PresentModalTests.xctest */;
			productType = "com.apple.product-type.bundle.unit-test";
		};
		2EC44F03200EE6A200FCED7E /* PresentModalUITests */ = {
			isa = PBXNativeTarget;
			buildConfigurationList = 2EC44F13200EE6A200FCED7E /* Build configuration list for PBXNativeTarget "PresentModalUITests" */;
			buildPhases = (
				2EC44F00200EE6A200FCED7E /* Sources */,
				2EC44F01200EE6A200FCED7E /* Frameworks */,
				2EC44F02200EE6A200FCED7E /* Resources */,
			);
			buildRules = (
			);
			dependencies = (
				2EC44F06200EE6A200FCED7E /* PBXTargetDependency */,
			);
			name = PresentModalUITests;
			productName = PresentModalUITests;
			productReference = 2EC44F04200EE6A200FCED7E /* PresentModalUITests.xctest */;
			productType = "com.apple.product-type.bundle.ui-testing";
		};
/* End PBXNativeTarget section */

/* Begin PBXProject section */
		2EC44ED9200EE6A100FCED7E /* Project object */ = {
			isa = PBXProject;
			attributes = {
				LastUpgradeCheck = 0920;
				ORGANIZATIONNAME = lujh;
				TargetAttributes = {
					2EC44EE0200EE6A100FCED7E = {
						CreatedOnToolsVersion = 9.2;
						ProvisioningStyle = Automatic;
					};
					2EC44EF8200EE6A200FCED7E = {
						CreatedOnToolsVersion = 9.2;
						ProvisioningStyle = Automatic;
						TestTargetID = 2EC44EE0200EE6A100FCED7E;
					};
					2EC44F03200EE6A200FCED7E = {
						CreatedOnToolsVersion = 9.2;
						ProvisioningStyle = Automatic;
						TestTargetID = 2EC44EE0200EE6A100FCED7E;
					};
				};
			};
			buildConfigurationList = 2EC44EDC200EE6A100FCED7E /* Build configuration list for PBXProject "PresentModal" */;
			compatibilityVersion = "Xcode 8.0";
			developmentRegion = en;
			hasScannedForEncodings = 0;
			knownRegions = (
				en,
				Base,
			);
			mainGroup = 2EC44ED8200EE6A100FCED7E;
			productRefGroup = 2EC44EE2200EE6A100FCED7E /* Products */;
			projectDirPath = "";
			projectRoot = "";
			targets = (
				2EC44EE0200EE6A100FCED7E /* PresentModal */,
				2EC44EF8200EE6A200FCED7E /* PresentModalTests */,
				2EC44F03200EE6A200FCED7E /* PresentModalUITests */,
			);
		};
/* End PBXProject section */

/* Begin PBXResourcesBuildPhase section */
		2EC44EDF200EE6A100FCED7E /* Resources */ = {
			isa = PBXResourcesBuildPhase;
			buildActionMask = 2147483647;
			files = (
				2EC44EF1200EE6A100FCED7E /* LaunchScreen.storyboard in Resources */,
				2EC44EEE200EE6A100FCED7E /* Assets.xcassets in Resources */,
				2EC44EEC200EE6A100FCED7E /* Main.storyboard in Resources */,
			);
			runOnlyForDeploymentPostprocessing = 0;
		};
		2EC44EF7200EE6A200FCED7E /* Resources */ = {
			isa = PBXResourcesBuildPhase;
			buildActionMask = 2147483647;
			files = (
			);
			runOnlyForDeploymentPostprocessing = 0;
		};
		2EC44F02200EE6A200FCED7E /* Resources */ = {
			isa = PBXResourcesBuildPhase;
			buildActionMask = 2147483647;
			files = (
			);
			runOnlyForDeploymentPostprocessing = 0;
		};
/* End PBXResourcesBuildPhase section */

/* Begin PBXSourcesBuildPhase section */
		2EC44EDD200EE6A100FCED7E /* Sources */ = {
			isa = PBXSourcesBuildPhase;
			buildActionMask = 2147483647;
			files = (
				2EC44EE9200EE6A100FCED7E /* ViewController.m in Sources */,
				2EC44EF4200EE6A200FCED7E /* main.m in Sources */,
				2EC44EE6200EE6A100FCED7E /* AppDelegate.m in Sources */,
			);
			runOnlyForDeploymentPostprocessing = 0;
		};
		2EC44EF5200EE6A200FCED7E /* Sources */ = {
			isa = PBXSourcesBuildPhase;
			buildActionMask = 2147483647;
			files = (
				2EC44EFE200EE6A200FCED7E /* PresentModalTests.m in Sources */,
			);
			runOnlyForDeploymentPostprocessing = 0;
		};
		2EC44F00200EE6A200FCED7E /* Sources */ = {
			isa = PBXSourcesBuildPhase;
			buildActionMask = 2147483647;
			files = (
				2EC44F09200EE6A200FCED7E /* PresentModalUITests.m in Sources */,
			);
			runOnlyForDeploymentPostprocessing = 0;
		};
/* End PBXSourcesBuildPhase section */

/* Begin PBXTargetDependency section */
		2EC44EFB200EE6A200FCED7E /* PBXTargetDependency */ = {
			isa = PBXTargetDependency;
			target = 2EC44EE0200EE6A100FCED7E /* PresentModal */;
			targetProxy = 2EC44EFA200EE6A200FCED7E /* PBXContainerItemProxy */;
		};
		2EC44F06200EE6A200FCED7E /* PBXTargetDependency */ = {
			isa = PBXTargetDependency;
			target = 2EC44EE0200EE6A100FCED7E /* PresentModal */;
			targetProxy = 2EC44F05200EE6A200FCED7E /* PBXContainerItemProxy */;
		};
/* End PBXTargetDependency section */

/* Begin PBXVariantGroup section */
		2EC44EEA200EE6A100FCED7E /* Main.storyboard */ = {
			isa = PBXVariantGroup;
			children = (
				2EC44EEB200EE6A100FCED7E /* Base */,
			);
			name = Main.storyboard;
			sourceTree = "<group>";
		};
		2EC44EEF200EE6A100FCED7E /* LaunchScreen.storyboard */ = {
			isa = PBXVariantGroup;
			children = (
				2EC44EF0200EE6A100FCED7E /* Base */,
			);
			name = LaunchScreen.storyboard;
			sourceTree = "<group>";
		};
/* End PBXVariantGroup section */

/* Begin XCBuildConfiguration section */
		2EC44F0B200EE6A200FCED7E /* Debug */ = {
			isa = XCBuildConfiguration;
			buildSettings = {
				ALWAYS_SEARCH_USER_PATHS = NO;
				CLANG_ANALYZER_NONNULL = YES;
				CLANG_ANALYZER_NUMBER_OBJECT_CONVERSION = YES_AGGRESSIVE;
				CLANG_CXX_LANGUAGE_STANDARD = "gnu++14";
				CLANG_CXX_LIBRARY = "libc++";
				CLANG_ENABLE_MODULES = YES;
				CLANG_ENABLE_OBJC_ARC = YES;
				CLANG_WARN_BLOCK_CAPTURE_AUTORELEASING = YES;
				CLANG_WARN_BOOL_CONVERSION = YES;
				CLANG_WARN_COMMA = YES;
				CLANG_WARN_CONSTANT_CONVERSION = YES;
				CLANG_WARN_DIRECT_OBJC_ISA_USAGE = YES_ERROR;
				CLANG_WARN_DOCUMENTATION_COMMENTS = YES;
				CLANG_WARN_EMPTY_BODY = YES;
				CLANG_WARN_ENUM_CONVERSION = YES;
				CLANG_WARN_INFINITE_RECURSION = YES;
				CLANG_WARN_INT_CONVERSION = YES;
				CLANG_WARN_NON_LITERAL_NULL_CONVERSION = YES;
				CLANG_WARN_OBJC_LITERAL_CONVERSION = YES;
				CLANG_WARN_OBJC_ROOT_CLASS = YES_ERROR;
				CLANG_WARN_RANGE_LOOP_ANALYSIS = YES;
				CLANG_WARN_STRICT_PROTOTYPES = YES;
				CLANG_WARN_SUSPICIOUS_MOVE = YES;
				CLANG_WARN_UNGUARDED_AVAILABILITY = YES_AGGRESSIVE;
				CLANG_WARN_UNREACHABLE_CODE = YES;
				CLANG_WARN__DUPLICATE_METHOD_MATCH = YES;
				CODE_SIGN_IDENTITY = "iPhone Developer";
				COPY_PHASE_STRIP = NO;
				DEBUG_INFORMATION_FORMAT = dwarf;
				ENABLE_STRICT_OBJC_MSGSEND = YES;
				ENABLE_TESTABILITY = YES;
				GCC_C_LANGUAGE_STANDARD = gnu11;
				GCC_DYNAMIC_NO_PIC = NO;
				GCC_NO_COMMON_BLOCKS = YES;
				GCC_OPTIMIZATION_LEVEL = 0;
				GCC_PREPROCESSOR_DEFINITIONS = (
					"DEBUG=1",
					"$(inherited)",
				);
				GCC_WARN_64_TO_32_BIT_CONVERSION = YES;
				GCC_WARN_ABOUT_RETURN_TYPE = YES_ERROR;
				GCC_WARN_UNDECLARED_SELECTOR = YES;
				GCC_WARN_UNINITIALIZED_AUTOS = YES_AGGRESSIVE;
				GCC_WARN_UNUSED_FUNCTION = YES;
				GCC_WARN_UNUSED_VARIABLE = YES;
				IPHONEOS_DEPLOYMENT_TARGET = 11.2;
				MTL_ENABLE_DEBUG_INFO = YES;
				ONLY_ACTIVE_ARCH = YES;
				SDKROOT = iphoneos;
			};
			name = Debug;
		};
		2EC44F0C200EE6A200FCED7E /* Release */ = {
			isa = XCBuildConfiguration;
			buildSettings = {
				ALWAYS_SEARCH_USER_PATHS = NO;
				CLANG_ANALYZER_NONNULL = YES;
				CLANG_ANALYZER_NUMBER_OBJECT_CONVERSION = YES_AGGRESSIVE;
				CLANG_CXX_LANGUAGE_STANDARD = "gnu++14";
				CLANG_CXX_LIBRARY = "libc++";
				CLANG_ENABLE_MODULES = YES;
				CLANG_ENABLE_OBJC_ARC = YES;
				CLANG_WARN_BLOCK_CAPTURE_AUTORELEASING = YES;
				CLANG_WARN_BOOL_CONVERSION = YES;
				CLANG_WARN_COMMA = YES;
				CLANG_WARN_CONSTANT_CONVERSION = YES;
				CLANG_WARN_DIRECT_OBJC_ISA_USAGE = YES_ERROR;
				CLANG_WARN_DOCUMENTATION_COMMENTS = YES;
				CLANG_WARN_EMPTY_BODY = YES;
				CLANG_WARN_ENUM_CONVERSION = YES;
				CLANG_WARN_INFINITE_RECURSION = YES;
				CLANG_WARN_INT_CONVERSION = YES;
				CLANG_WARN_NON_LITERAL_NULL_CONVERSION = YES;
				CLANG_WARN_OBJC_LITERAL_CONVERSION = YES;
				CLANG_WARN_OBJC_ROOT_CLASS = YES_ERROR;
				CLANG_WARN_RANGE_LOOP_ANALYSIS = YES;
				CLANG_WARN_STRICT_PROTOTYPES = YES;
				CLANG_WARN_SUSPICIOUS_MOVE = YES;
				CLANG_WARN_UNGUARDED_AVAILABILITY = YES_AGGRESSIVE;
				CLANG_WARN_UNREACHABLE_CODE = YES;
				CLANG_WARN__DUPLICATE_METHOD_MATCH = YES;
				CODE_SIGN_IDENTITY = "iPhone Developer";
				COPY_PHASE_STRIP = NO;
				DEBUG_INFORMATION_FORMAT = "dwarf-with-dsym";
				ENABLE_NS_ASSERTIONS = NO;
				ENABLE_STRICT_OBJC_MSGSEND = YES;
				GCC_C_LANGUAGE_STANDARD = gnu11;
				GCC_NO_COMMON_BLOCKS = YES;
				GCC_WARN_64_TO_32_BIT_CONVERSION = YES;
				GCC_WARN_ABOUT_RETURN_TYPE = YES_ERROR;
				GCC_WARN_UNDECLARED_SELECTOR = YES;
				GCC_WARN_UNINITIALIZED_AUTOS = YES_AGGRESSIVE;
				GCC_WARN_UNUSED_FUNCTION = YES;
				GCC_WARN_UNUSED_VARIABLE = YES;
				IPHONEOS_DEPLOYMENT_TARGET = 11.2;
				MTL_ENABLE_DEBUG_INFO = NO;
				SDKROOT = iphoneos;
				VALIDATE_PRODUCT = YES;
			};
			name = Release;
		};
		2EC44F0E200EE6A200FCED7E /* Debug */ = {
			isa = XCBuildConfiguration;
			buildSettings = {
				ASSETCATALOG_COMPILER_APPICON_NAME = AppIcon;
				CODE_SIGN_STYLE = Automatic;
				INFOPLIST_FILE = PresentModal/Info.plist;
				LD_RUNPATH_SEARCH_PATHS = "$(inherited) @executable_path/Frameworks";
				PRODUCT_BUNDLE_IDENTIFIER = com.lujh.cn.PresentModal;
				PRODUCT_NAME = "$(TARGET_NAME)";
				TARGETED_DEVICE_FAMILY = "1,2";
			};
			name = Debug;
		};
		2EC44F0F200EE6A200FCED7E /* Release */ = {
			isa = XCBuildConfiguration;
			buildSettings = {
				ASSETCATALOG_COMPILER_APPICON_NAME = AppIcon;
				CODE_SIGN_STYLE = Automatic;
				INFOPLIST_FILE = PresentModal/Info.plist;
				LD_RUNPATH_SEARCH_PATHS = "$(inherited) @executable_path/Frameworks";
				PRODUCT_BUNDLE_IDENTIFIER = com.lujh.cn.PresentModal;
				PRODUCT_NAME = "$(TARGET_NAME)";
				TARGETED_DEVICE_FAMILY = "1,2";
			};
			name = Release;
		};
		2EC44F11200EE6A200FCED7E /* Debug */ = {
			isa = XCBuildConfiguration;
			buildSettings = {
				BUNDLE_LOADER = "$(TEST_HOST)";
				CODE_SIGN_STYLE = Automatic;
				INFOPLIST_FILE = PresentModalTests/Info.plist;
				LD_RUNPATH_SEARCH_PATHS = "$(inherited) @executable_path/Frameworks @loader_path/Frameworks";
				PRODUCT_BUNDLE_IDENTIFIER = com.lujh.cn.PresentModalTests;
				PRODUCT_NAME = "$(TARGET_NAME)";
				TARGETED_DEVICE_FAMILY = "1,2";
				TEST_HOST = "$(BUILT_PRODUCTS_DIR)/PresentModal.app/PresentModal";
			};
			name = Debug;
		};
		2EC44F12200EE6A200FCED7E /* Release */ = {
			isa = XCBuildConfiguration;
			buildSettings = {
				BUNDLE_LOADER = "$(TEST_HOST)";
				CODE_SIGN_STYLE = Automatic;
				INFOPLIST_FILE = PresentModalTests/Info.plist;
				LD_RUNPATH_SEARCH_PATHS = "$(inherited) @executable_path/Frameworks @loader_path/Frameworks";
				PRODUCT_BUNDLE_IDENTIFIER = com.lujh.cn.PresentModalTests;
				PRODUCT_NAME = "$(TARGET_NAME)";
				TARGETED_DEVICE_FAMILY = "1,2";
				TEST_HOST = "$(BUILT_PRODUCTS_DIR)/PresentModal.app/PresentModal";
			};
			name = Release;
		};
		2EC44F14200EE6A200FCED7E /* Debug */ = {
			isa = XCBuildConfiguration;
			buildSettings = {
				CODE_SIGN_STYLE = Automatic;
				INFOPLIST_FILE = PresentModalUITests/Info.plist;
				LD_RUNPATH_SEARCH_PATHS = "$(inherited) @executable_path/Frameworks @loader_path/Frameworks";
				PRODUCT_BUNDLE_IDENTIFIER = com.lujh.cn.PresentModalUITests;
				PRODUCT_NAME = "$(TARGET_NAME)";
				TARGETED_DEVICE_FAMILY = "1,2";
				TEST_TARGET_NAME = PresentModal;
			};
			name = Debug;
		};
		2EC44F15200EE6A200FCED7E /* Release */ = {
			isa = XCBuildConfiguration;
			buildSettings = {
				CODE_SIGN_STYLE = Automatic;
				INFOPLIST_FILE = PresentModalUITests/Info.plist;
				LD_RUNPATH_SEARCH_PATHS = "$(inherited) @executable_path/Frameworks @loader_path/Frameworks";
				PRODUCT_BUNDLE_IDENTIFIER = com.lujh.cn.PresentModalUITests;
				PRODUCT_NAME = "$(TARGET_NAME)";
				TARGETED_DEVICE_FAMILY = "1,2";
				TEST_TARGET_NAME = PresentModal;
			};
			name = Release;
		};
/* End XCBuildConfiguration section */

/* Begin XCConfigurationList section */
		2EC44EDC200EE6A100FCED7E /* Build configuration list for PBXProject "PresentModal" */ = {
			isa = XCConfigurationList;
			buildConfigurations = (
				2EC44F0B200EE6A200FCED7E /* Debug */,
				2EC44F0C200EE6A200FCED7E /* Release */,
			);
			defaultConfigurationIsVisible = 0;
			defaultConfigurationName = Release;
		};
		2EC44F0D200EE6A200FCED7E /* Build configuration list for PBXNativeTarget "PresentModal" */ = {
			isa = XCConfigurationList;
			buildConfigurations = (
				2EC44F0E200EE6A200FCED7E /* Debug */,
				2EC44F0F200EE6A200FCED7E /* Release */,
			);
			defaultConfigurationIsVisible = 0;
			defaultConfigurationName = Release;
		};
		2EC44F10200EE6A200FCED7E /* Build configuration list for PBXNativeTarget "PresentModalTests" */ = {
			isa = XCConfigurationList;
			buildConfigurations = (
				2EC44F11200EE6A200FCED7E /* Debug */,
				2EC44F12200EE6A200FCED7E /* Release */,
			);
			defaultConfigurationIsVisible = 0;
			defaultConfigurationName = Release;
		};
		2EC44F13200EE6A200FCED7E /* Build configuration list for PBXNativeTarget "PresentModalUITests" */ = {
			isa = XCConfigurationList;
			buildConfigurations = (
				2EC44F14200EE6A200FCED7E /* Debug */,
				2EC44F15200EE6A200FCED7E /* Release */,
			);
			defaultConfigurationIsVisible = 0;
			defaultConfigurationName = Release;
		};
/* End XCConfigurationList section */
	};
	rootObject = 2EC44ED9200EE6A100FCED7E /* Project object */;
}
